<?xml version="1.0" encoding="utf-8"?>
<Project ToolsVersion="4.0" xmlns="http://schemas.microsoft.com/developer/msbuild/2003">
  <ItemGroup>
    <ClCompile Include="main.cpp" />
    <ClCompile Include="Title.cpp">
      <Filter>Calc</Filter>
    </ClCompile>
    <ClCompile Include="Console.cpp" />
    <ClCompile Include="Drawer.cpp" />
    <ClCompile Include="DrawTitle.cpp" />
  </ItemGroup>
  <ItemGroup>
    <Filter Include="Calc">
      <UniqueIdentifier>{1bb2dd96-4608-42a4-88ed-db2839abcc4e}</UniqueIdentifier>
    </Filter>
  </ItemGroup>
  <ItemGroup>
    <ClInclude Include="Title.h">
      <Filter>Calc</Filter>
    </ClInclude>
    <ClInclude Include="Console.h" />
    <ClInclude Include="Drawer.h" />
    <ClInclude Include="DrawTitle.h" />
  </ItemGroup>
</Project>