<?xml version="1.0" encoding="utf-8"?>
<Project ToolsVersion="4.0" xmlns="http://schemas.microsoft.com/developer/msbuild/2003">
  <ItemGroup>
    <ClCompile Include="Base.cpp">
      <Filter>BaseClass</Filter>
    </ClCompile>
    <ClCompile Include="Client.cpp">
      <Filter>NetWork</Filter>
    </ClCompile>
    <ClCompile Include="Server.cpp">
      <Filter>NetWork</Filter>
    </ClCompile>
    <ClCompile Include="Debug.cpp">
      <Filter>Debug</Filter>
    </ClCompile>
    <ClCompile Include="GlobalData.cpp">
      <Filter>Global</Filter>
    </ClCompile>
    <ClCompile Include="Image.cpp">
      <Filter>Global</Filter>
    </ClCompile>
    <ClCompile Include="UpdateKey.cpp">
      <Filter>Global</Filter>
    </ClCompile>
    <ClCompile Include="MouseEvent.cpp">
      <Filter>Global</Filter>
    </ClCompile>
    <ClCompile Include="LoadCSV.cpp">
      <Filter>Global</Filter>
    </ClCompile>
    <ClCompile Include="Color.cpp">
      <Filter>Global</Filter>
    </ClCompile>
    <ClCompile Include="Direction.cpp">
      <Filter>Execute</Filter>
    </ClCompile>
    <ClCompile Include="Drawer.cpp">
      <Filter>Drawer</Filter>
    </ClCompile>
    <ClCompile Include="KeyBoard.cpp">
      <Filter>Global</Filter>
    </ClCompile>
    <ClCompile Include="Command.cpp">
      <Filter>Global</Filter>
    </ClCompile>
    <ClCompile Include="Field.cpp">
      <Filter>Global</Filter>
    </ClCompile>
    <ClCompile Include="Sound.cpp">
      <Filter>Global</Filter>
    </ClCompile>
    <ClCompile Include="Soundplayer.cpp">
      <Filter>Sound</Filter>
    </ClCompile>
    <ClCompile Include="Loading.cpp">
      <Filter>Load</Filter>
    </ClCompile>
    <ClCompile Include="Message.cpp">
      <Filter>Global</Filter>
    </ClCompile>
    <ClCompile Include="MultiThreadLoad.cpp">
      <Filter>Load</Filter>
    </ClCompile>
  </ItemGroup>
  <ItemGroup>
    <ClInclude Include="Base.h">
      <Filter>BaseClass</Filter>
    </ClInclude>
    <ClInclude Include="Client.h">
      <Filter>NetWork</Filter>
    </ClInclude>
    <ClInclude Include="Server.h">
      <Filter>NetWork</Filter>
    </ClInclude>
    <ClInclude Include="Debug.h">
      <Filter>Debug</Filter>
    </ClInclude>
    <ClInclude Include="GlobalData.h">
      <Filter>Global</Filter>
    </ClInclude>
    <ClInclude Include="Image.h">
      <Filter>Global</Filter>
    </ClInclude>
    <ClInclude Include="UpdateKey.h">
      <Filter>Global</Filter>
    </ClInclude>
    <ClInclude Include="MouseEvent.h">
      <Filter>Global</Filter>
    </ClInclude>
    <ClInclude Include="LoadCSV.h">
      <Filter>Global</Filter>
    </ClInclude>
    <ClInclude Include="Color.h">
      <Filter>Global</Filter>
    </ClInclude>
    <ClInclude Include="Direction.h">
      <Filter>Execute</Filter>
    </ClInclude>
    <ClInclude Include="Drawer.h">
      <Filter>Drawer</Filter>
    </ClInclude>
    <ClInclude Include="const.h">
      <Filter>Global</Filter>
    </ClInclude>
    <ClInclude Include="KeyBoard.h">
      <Filter>Global</Filter>
    </ClInclude>
    <ClInclude Include="Command.h">
      <Filter>Global</Filter>
    </ClInclude>
    <ClInclude Include="Field.h">
      <Filter>Global</Filter>
    </ClInclude>
    <ClInclude Include="Sound.h">
      <Filter>Global</Filter>
    </ClInclude>
    <ClInclude Include="Soundplayer.h">
      <Filter>Sound</Filter>
    </ClInclude>
    <ClInclude Include="Loading.h">
      <Filter>Load</Filter>
    </ClInclude>
    <ClInclude Include="Message.h">
      <Filter>Global</Filter>
    </ClInclude>
    <ClInclude Include="MultiThreadLoad.h">
      <Filter>Load</Filter>
    </ClInclude>
  </ItemGroup>
  <ItemGroup>
    <Filter Include="BaseClass">
      <UniqueIdentifier>{d70903bc-c504-4def-94e5-41979bc88b48}</UniqueIdentifier>
    </Filter>
    <Filter Include="NetWork">
      <UniqueIdentifier>{8360caef-cc92-4a55-ab6f-967284e126bc}</UniqueIdentifier>
    </Filter>
    <Filter Include="Debug">
      <UniqueIdentifier>{0a0242aa-8c6a-4064-9640-cb7c3e1f8b48}</UniqueIdentifier>
    </Filter>
    <Filter Include="Global">
      <UniqueIdentifier>{c2ddc81c-aabc-4d21-841a-39757a0cd40f}</UniqueIdentifier>
    </Filter>
    <Filter Include="Execute">
      <UniqueIdentifier>{b89c33a3-be59-437b-a6c0-d011fcaaaa17}</UniqueIdentifier>
    </Filter>
    <Filter Include="Drawer">
      <UniqueIdentifier>{dc5c1283-b7ba-4152-ac2b-efe6851d9ce0}</UniqueIdentifier>
    </Filter>
    <Filter Include="Sound">
      <UniqueIdentifier>{b8435ac3-6ef8-473e-a5e9-556b7d4ebd76}</UniqueIdentifier>
    </Filter>
    <Filter Include="Load">
      <UniqueIdentifier>{a5071c56-9695-4e2f-ae97-e3200082de0c}</UniqueIdentifier>
    </Filter>
  </ItemGroup>
</Project>